
Microsoft Visual Studio Solution File, Format Version 12.00
# Visual Studio Version 17
VisualStudioVersion = 17.6.33723.286
MinimumVisualStudioVersion = 10.0.40219.1
Project("{FAE04EC0-301F-11D3-BF4B-00C04F79EFBC}") = "AccesoDatos", "AccesoDatos\AccesoDatos.csproj", "{B1A2E55C-6C15-43F6-9F61-80605B44499F}"
EndProject
Project("{FAE04EC0-301F-11D3-BF4B-00C04F79EFBC}") = "LogicaNegocio", "LogicaNegocio\LogicaNegocio.csproj", "{7E3450A9-0501-4B13-AB5C-584A6245CFFF}"
EndProject
Project("{FAE04EC0-301F-11D3-BF4B-00C04F79EFBC}") = "ProyectoPrueba", "ProyectoPrueba\ProyectoPrueba.csproj", "{C0BE6922-D5F5-487C-9798-ACAEEF60A415}"
EndProject
Global
	GlobalSection(SolutionConfigurationPlatforms) = preSolution
		Debug|Any CPU = Debug|Any CPU
		Release|Any CPU = Release|Any CPU
	EndGlobalSection
	GlobalSection(ProjectConfigurationPlatforms) = postSolution
		{B1A2E55C-6C15-43F6-9F61-80605B44499F}.Debug|Any CPU.ActiveCfg = Debug|Any CPU
		{B1A2E55C-6C15-43F6-9F61-80605B44499F}.Debug|Any CPU.Build.0 = Debug|Any CPU
		{B1A2E55C-6C15-43F6-9F61-80605B44499F}.Release|Any CPU.ActiveCfg = Release|Any CPU
		{B1A2E55C-6C15-43F6-9F61-80605B44499F}.Release|Any CPU.Build.0 = Release|Any CPU
		{7E3450A9-0501-4B13-AB5C-584A6245CFFF}.Debug|Any CPU.ActiveCfg = Debug|Any CPU
		{7E3450A9-0501-4B13-AB5C-584A6245CFFF}.Debug|Any CPU.Build.0 = Debug|Any CPU
		{7E3450A9-0501-4B13-AB5C-584A6245CFFF}.Release|Any CPU.ActiveCfg = Release|Any CPU
		{7E3450A9-0501-4B13-AB5C-584A6245CFFF}.Release|Any CPU.Build.0 = Release|Any CPU
		{C0BE6922-D5F5-487C-9798-ACAEEF60A415}.Debug|Any CPU.ActiveCfg = Debug|Any CPU
		{C0BE6922-D5F5-487C-9798-ACAEEF60A415}.Debug|Any CPU.Build.0 = Debug|Any CPU
		{C0BE6922-D5F5-487C-9798-ACAEEF60A415}.Release|Any CPU.ActiveCfg = Release|Any CPU
		{C0BE6922-D5F5-487C-9798-ACAEEF60A415}.Release|Any CPU.Build.0 = Release|Any CPU
	EndGlobalSection
	GlobalSection(SolutionProperties) = preSolution
		HideSolutionNode = FALSE
	EndGlobalSection
	GlobalSection(ExtensibilityGlobals) = postSolution
		SolutionGuid = {F0228E69-0304-45C0-B20F-F69916429A0B}
	EndGlobalSection
EndGlobal
